
Microsoft Visual Studio Solution File, Format Version 12.00
# Visual Studio Version 16
VisualStudioVersion = 16.0.31410.357
MinimumVisualStudioVersion = 10.0.40219.1
Project("{8BC9CEB8-8B4A-11D0-8D11-00A0C91BC942}") = "First", "First\First.vcxproj", "{AC00B358-E46A-460F-89CB-B8D640CB2F89}"
EndProject
Project("{8BC9CEB8-8B4A-11D0-8D11-00A0C91BC942}") = "Second", "Second\Second.vcxproj", "{8F3E0BCD-6AA8-4BFD-88EF-97568D9B83D5}"
EndProject
Project("{8BC9CEB8-8B4A-11D0-8D11-00A0C91BC942}") = "Third", "Third\Third.vcxproj", "{0278F9FB-81A3-4102-AC65-2981306525D3}"
EndProject
Project("{8BC9CEB8-8B4A-11D0-8D11-00A0C91BC942}") = "Fourth", "Fourth\Fourth.vcxproj", "{44F599C6-C39F-4347-835E-5396EDC77D0B}"
EndProject
Project("{8BC9CEB8-8B4A-11D0-8D11-00A0C91BC942}") = "Fifth", "Fifth\Fifth.vcxproj", "{C35FF5FB-7E4C-4758-B0CA-38AD77718DA7}"
EndProject
Project("{8BC9CEB8-8B4A-11D0-8D11-00A0C91BC942}") = "Sixth", "Sixth\Sixth.vcxproj", "{3E81AAF0-2EBA-4A3D-BB19-59D982AA64F6}"
EndProject
Project("{8BC9CEB8-8B4A-11D0-8D11-00A0C91BC942}") = "Seventh", "Seventh\Seventh.vcxproj", "{F78591AE-8102-4707-9076-BFB57FB58460}"
EndProject
Project("{8BC9CEB8-8B4A-11D0-8D11-00A0C91BC942}") = "Eighth", "Eighth\Eighth.vcxproj", "{1C843A1F-DA43-4A7A-9DAC-069B44316A81}"
EndProject
Project("{8BC9CEB8-8B4A-11D0-8D11-00A0C91BC942}") = "Ninth", "Ninth\Ninth.vcxproj", "{D2FC727E-9208-41BD-8A22-3D3DFC356819}"
EndProject
Project("{8BC9CEB8-8B4A-11D0-8D11-00A0C91BC942}") = "Tenth", "Tenth\Tenth.vcxproj", "{43FC6825-4412-4641-A575-3F137C291E1F}"
EndProject
Project("{8BC9CEB8-8B4A-11D0-8D11-00A0C91BC942}") = "Eleventh", "Eleventh\Eleventh.vcxproj", "{557A7521-BE43-4972-A853-E92C39D36CF8}"
EndProject
Global
	GlobalSection(SolutionConfigurationPlatforms) = preSolution
		Debug|x64 = Debug|x64
		Debug|x86 = Debug|x86
		Release|x64 = Release|x64
		Release|x86 = Release|x86
	EndGlobalSection
	GlobalSection(ProjectConfigurationPlatforms) = postSolution
		{AC00B358-E46A-460F-89CB-B8D640CB2F89}.Debug|x64.ActiveCfg = Debug|x64
		{AC00B358-E46A-460F-89CB-B8D640CB2F89}.Debug|x64.Build.0 = Debug|x64
		{AC00B358-E46A-460F-89CB-B8D640CB2F89}.Debug|x86.ActiveCfg = Debug|Win32
		{AC00B358-E46A-460F-89CB-B8D640CB2F89}.Debug|x86.Build.0 = Debug|Win32
		{AC00B358-E46A-460F-89CB-B8D640CB2F89}.Release|x64.ActiveCfg = Release|x64
		{AC00B358-E46A-460F-89CB-B8D640CB2F89}.Release|x64.Build.0 = Release|x64
		{AC00B358-E46A-460F-89CB-B8D640CB2F89}.Release|x86.ActiveCfg = Release|Win32
		{AC00B358-E46A-460F-89CB-B8D640CB2F89}.Release|x86.Build.0 = Release|Win32
		{8F3E0BCD-6AA8-4BFD-88EF-97568D9B83D5}.Debug|x64.ActiveCfg = Debug|x64
		{8F3E0BCD-6AA8-4BFD-88EF-97568D9B83D5}.Debug|x64.Build.0 = Debug|x64
		{8F3E0BCD-6AA8-4BFD-88EF-97568D9B83D5}.Debug|x86.ActiveCfg = Debug|Win32
		{8F3E0BCD-6AA8-4BFD-88EF-97568D9B83D5}.Debug|x86.Build.0 = Debug|Win32
		{8F3E0BCD-6AA8-4BFD-88EF-97568D9B83D5}.Release|x64.ActiveCfg = Release|x64
		{8F3E0BCD-6AA8-4BFD-88EF-97568D9B83D5}.Release|x64.Build.0 = Release|x64
		{8F3E0BCD-6AA8-4BFD-88EF-97568D9B83D5}.Release|x86.ActiveCfg = Release|Win32
		{8F3E0BCD-6AA8-4BFD-88EF-97568D9B83D5}.Release|x86.Build.0 = Release|Win32
		{0278F9FB-81A3-4102-AC65-2981306525D3}.Debug|x64.ActiveCfg = Debug|x64
		{0278F9FB-81A3-4102-AC65-2981306525D3}.Debug|x64.Build.0 = Debug|x64
		{0278F9FB-81A3-4102-AC65-2981306525D3}.Debug|x86.ActiveCfg = Debug|Win32
		{0278F9FB-81A3-4102-AC65-2981306525D3}.Debug|x86.Build.0 = Debug|Win32
		{0278F9FB-81A3-4102-AC65-2981306525D3}.Release|x64.ActiveCfg = Release|x64
		{0278F9FB-81A3-4102-AC65-2981306525D3}.Release|x64.Build.0 = Release|x64
		{0278F9FB-81A3-4102-AC65-2981306525D3}.Release|x86.ActiveCfg = Release|Win32
		{0278F9FB-81A3-4102-AC65-2981306525D3}.Release|x86.Build.0 = Release|Win32
		{44F599C6-C39F-4347-835E-5396EDC77D0B}.Debug|x64.ActiveCfg = Debug|x64
		{44F599C6-C39F-4347-835E-5396EDC77D0B}.Debug|x64.Build.0 = Debug|x64
		{44F599C6-C39F-4347-835E-5396EDC77D0B}.Debug|x86.ActiveCfg = Debug|Win32
		{44F599C6-C39F-4347-835E-5396EDC77D0B}.Debug|x86.Build.0 = Debug|Win32
		{44F599C6-C39F-4347-835E-5396EDC77D0B}.Release|x64.ActiveCfg = Release|x64
		{44F599C6-C39F-4347-835E-5396EDC77D0B}.Release|x64.Build.0 = Release|x64
		{44F599C6-C39F-4347-835E-5396EDC77D0B}.Release|x86.ActiveCfg = Release|Win32
		{44F599C6-C39F-4347-835E-5396EDC77D0B}.Release|x86.Build.0 = Release|Win32
		{C35FF5FB-7E4C-4758-B0CA-38AD77718DA7}.Debug|x64.ActiveCfg = Debug|x64
		{C35FF5FB-7E4C-4758-B0CA-38AD77718DA7}.Debug|x64.Build.0 = Debug|x64
		{C35FF5FB-7E4C-4758-B0CA-38AD77718DA7}.Debug|x86.ActiveCfg = Debug|Win32
		{C35FF5FB-7E4C-4758-B0CA-38AD77718DA7}.Debug|x86.Build.0 = Debug|Win32
		{C35FF5FB-7E4C-4758-B0CA-38AD77718DA7}.Release|x64.ActiveCfg = Release|x64
		{C35FF5FB-7E4C-4758-B0CA-38AD77718DA7}.Release|x64.Build.0 = Release|x64
		{C35FF5FB-7E4C-4758-B0CA-38AD77718DA7}.Release|x86.ActiveCfg = Release|Win32
		{C35FF5FB-7E4C-4758-B0CA-38AD77718DA7}.Release|x86.Build.0 = Release|Win32
		{3E81AAF0-2EBA-4A3D-BB19-59D982AA64F6}.Debug|x64.ActiveCfg = Debug|x64
		{3E81AAF0-2EBA-4A3D-BB19-59D982AA64F6}.Debug|x64.Build.0 = Debug|x64
		{3E81AAF0-2EBA-4A3D-BB19-59D982AA64F6}.Debug|x86.ActiveCfg = Debug|Win32
		{3E81AAF0-2EBA-4A3D-BB19-59D982AA64F6}.Debug|x86.Build.0 = Debug|Win32
		{3E81AAF0-2EBA-4A3D-BB19-59D982AA64F6}.Release|x64.ActiveCfg = Release|x64
		{3E81AAF0-2EBA-4A3D-BB19-59D982AA64F6}.Release|x64.Build.0 = Release|x64
		{3E81AAF0-2EBA-4A3D-BB19-59D982AA64F6}.Release|x86.ActiveCfg = Release|Win32
		{3E81AAF0-2EBA-4A3D-BB19-59D982AA64F6}.Release|x86.Build.0 = Release|Win32
		{F78591AE-8102-4707-9076-BFB57FB58460}.Debug|x64.ActiveCfg = Debug|x64
		{F78591AE-8102-4707-9076-BFB57FB58460}.Debug|x64.Build.0 = Debug|x64
		{F78591AE-8102-4707-9076-BFB57FB58460}.Debug|x86.ActiveCfg = Debug|Win32
		{F78591AE-8102-4707-9076-BFB57FB58460}.Debug|x86.Build.0 = Debug|Win32
		{F78591AE-8102-4707-9076-BFB57FB58460}.Release|x64.ActiveCfg = Release|x64
		{F78591AE-8102-4707-9076-BFB57FB58460}.Release|x64.Build.0 = Release|x64
		{F78591AE-8102-4707-9076-BFB57FB58460}.Release|x86.ActiveCfg = Release|Win32
		{F78591AE-8102-4707-9076-BFB57FB58460}.Release|x86.Build.0 = Release|Win32
		{1C843A1F-DA43-4A7A-9DAC-069B44316A81}.Debug|x64.ActiveCfg = Debug|x64
		{1C843A1F-DA43-4A7A-9DAC-069B44316A81}.Debug|x64.Build.0 = Debug|x64
		{1C843A1F-DA43-4A7A-9DAC-069B44316A81}.Debug|x86.ActiveCfg = Debug|Win32
		{1C843A1F-DA43-4A7A-9DAC-069B44316A81}.Debug|x86.Build.0 = Debug|Win32
		{1C843A1F-DA43-4A7A-9DAC-069B44316A81}.Release|x64.ActiveCfg = Release|x64
		{1C843A1F-DA43-4A7A-9DAC-069B44316A81}.Release|x64.Build.0 = Release|x64
		{1C843A1F-DA43-4A7A-9DAC-069B44316A81}.Release|x86.ActiveCfg = Release|Win32
		{1C843A1F-DA43-4A7A-9DAC-069B44316A81}.Release|x86.Build.0 = Release|Win32
		{D2FC727E-9208-41BD-8A22-3D3DFC356819}.Debug|x64.ActiveCfg = Debug|x64
		{D2FC727E-9208-41BD-8A22-3D3DFC356819}.Debug|x64.Build.0 = Debug|x64
		{D2FC727E-9208-41BD-8A22-3D3DFC356819}.Debug|x86.ActiveCfg = Debug|Win32
		{D2FC727E-9208-41BD-8A22-3D3DFC356819}.Debug|x86.Build.0 = Debug|Win32
		{D2FC727E-9208-41BD-8A22-3D3DFC356819}.Release|x64.ActiveCfg = Release|x64
		{D2FC727E-9208-41BD-8A22-3D3DFC356819}.Release|x64.Build.0 = Release|x64
		{D2FC727E-9208-41BD-8A22-3D3DFC356819}.Release|x86.ActiveCfg = Release|Win32
		{D2FC727E-9208-41BD-8A22-3D3DFC356819}.Release|x86.Build.0 = Release|Win32
		{43FC6825-4412-4641-A575-3F137C291E1F}.Debug|x64.ActiveCfg = Debug|x64
		{43FC6825-4412-4641-A575-3F137C291E1F}.Debug|x64.Build.0 = Debug|x64
		{43FC6825-4412-4641-A575-3F137C291E1F}.Debug|x86.ActiveCfg = Debug|Win32
		{43FC6825-4412-4641-A575-3F137C291E1F}.Debug|x86.Build.0 = Debug|Win32
		{43FC6825-4412-4641-A575-3F137C291E1F}.Release|x64.ActiveCfg = Release|x64
		{43FC6825-4412-4641-A575-3F137C291E1F}.Release|x64.Build.0 = Release|x64
		{43FC6825-4412-4641-A575-3F137C291E1F}.Release|x86.ActiveCfg = Release|Win32
		{43FC6825-4412-4641-A575-3F137C291E1F}.Release|x86.Build.0 = Release|Win32
		{557A7521-BE43-4972-A853-E92C39D36CF8}.Debug|x64.ActiveCfg = Debug|x64
		{557A7521-BE43-4972-A853-E92C39D36CF8}.Debug|x64.Build.0 = Debug|x64
		{557A7521-BE43-4972-A853-E92C39D36CF8}.Debug|x86.ActiveCfg = Debug|Win32
		{557A7521-BE43-4972-A853-E92C39D36CF8}.Debug|x86.Build.0 = Debug|Win32
		{557A7521-BE43-4972-A853-E92C39D36CF8}.Release|x64.ActiveCfg = Release|x64
		{557A7521-BE43-4972-A853-E92C39D36CF8}.Release|x64.Build.0 = Release|x64
		{557A7521-BE43-4972-A853-E92C39D36CF8}.Release|x86.ActiveCfg = Release|Win32
		{557A7521-BE43-4972-A853-E92C39D36CF8}.Release|x86.Build.0 = Release|Win32
	EndGlobalSection
	GlobalSection(SolutionProperties) = preSolution
		HideSolutionNode = FALSE
	EndGlobalSection
	GlobalSection(ExtensibilityGlobals) = postSolution
		SolutionGuid = {23A3B738-EA57-4375-8115-F670AC0D8BA7}
	EndGlobalSection
EndGlobal
